
Microsoft Visual Studio Solution File, Format Version 12.00
# Visual Studio Version 17
VisualStudioVersion = 17.14.36203.30 d17.14
MinimumVisualStudioVersion = 10.0.40219.1
Project("{FAE04EC0-301F-11D3-BF4B-00C04F79EFBC}") = "BGT-Web-Boardgame", "BGT-Web-Boardgame\BGT-Web-Boardgame.csproj", "{C4A16475-8FB9-465C-ABCE-7808096ED95A}"
EndProject
Global
	GlobalSection(SolutionConfigurationPlatforms) = preSolution
		Debug|Any CPU = Debug|Any CPU
		Release|Any CPU = Release|Any CPU
	EndGlobalSection
	GlobalSection(ProjectConfigurationPlatforms) = postSolution
		{C4A16475-8FB9-465C-ABCE-7808096ED95A}.Debug|Any CPU.ActiveCfg = Debug|Any CPU
		{C4A16475-8FB9-465C-ABCE-7808096ED95A}.Debug|Any CPU.Build.0 = Debug|Any CPU
		{C4A16475-8FB9-465C-ABCE-7808096ED95A}.Release|Any CPU.ActiveCfg = Release|Any CPU
		{C4A16475-8FB9-465C-ABCE-7808096ED95A}.Release|Any CPU.Build.0 = Release|Any CPU
	EndGlobalSection
	GlobalSection(SolutionProperties) = preSolution
		HideSolutionNode = FALSE
	EndGlobalSection
	GlobalSection(ExtensibilityGlobals) = postSolution
		SolutionGuid = {9B68C15E-615D-447B-B3BE-C10EF34F8C13}
	EndGlobalSection
EndGlobal
